
Microsoft Visual Studio Solution File, Format Version 12.00
# Visual Studio Version 17
VisualStudioVersion = 17.3.32901.215
MinimumVisualStudioVersion = 10.0.40219.1
Project("{FAE04EC0-301F-11D3-BF4B-00C04F79EFBC}") = "Azure.DevOps.Backend", "Azure.DevOps.Backend.csproj", "{1889BF8D-64CC-41DB-977A-79465FD7B55D}"
EndProject
Global
	GlobalSection(SolutionConfigurationPlatforms) = preSolution
		Debug|Any CPU = Debug|Any CPU
		Release|Any CPU = Release|Any CPU
	EndGlobalSection
	GlobalSection(ProjectConfigurationPlatforms) = postSolution
		{1889BF8D-64CC-41DB-977A-79465FD7B55D}.Debug|Any CPU.ActiveCfg = Debug|Any CPU
		{1889BF8D-64CC-41DB-977A-79465FD7B55D}.Debug|Any CPU.Build.0 = Debug|Any CPU
		{1889BF8D-64CC-41DB-977A-79465FD7B55D}.Release|Any CPU.ActiveCfg = Release|Any CPU
		{1889BF8D-64CC-41DB-977A-79465FD7B55D}.Release|Any CPU.Build.0 = Release|Any CPU
	EndGlobalSection
	GlobalSection(SolutionProperties) = preSolution
		HideSolutionNode = FALSE
	EndGlobalSection
	GlobalSection(ExtensibilityGlobals) = postSolution
		SolutionGuid = {E8024CA7-D5E1-48F1-A6D3-ACCC60EB1A6C}
	EndGlobalSection
EndGlobal
